// !$*UTF8*$!
{
	archiveVersion = 1;
	classes = {
	};
	objectVersion = 46;
	objects = {

/* Begin PBXBuildFile section */
		424F49D41D3405530089D75A /* AppDelegate.swift in Sources */ = {isa = PBXBuildFile; fileRef = 424F49D31D3405530089D75A /* AppDelegate.swift */; };
		424F49D61D3405530089D75A /* ViewController.swift in Sources */ = {isa = PBXBuildFile; fileRef = 424F49D51D3405530089D75A /* ViewController.swift */; };
		424F49D91D3405530089D75A /* Main.storyboard in Resources */ = {isa = PBXBuildFile; fileRef = 424F49D71D3405530089D75A /* Main.storyboard */; };
		424F49DB1D3405530089D75A /* Assets.xcassets in Resources */ = {isa = PBXBuildFile; fileRef = 424F49DA1D3405530089D75A /* Assets.xcassets */; };
		424F49DE1D3405530089D75A /* LaunchScreen.storyboard in Resources */ = {isa = PBXBuildFile; fileRef = 424F49DC1D3405530089D75A /* LaunchScreen.storyboard */; };
		424F49E91D3405530089D75A /* TestSwiftGenTests.swift in Sources */ = {isa = PBXBuildFile; fileRef = 424F49E81D3405530089D75A /* TestSwiftGenTests.swift */; };
		424F49F41D3405530089D75A /* TestSwiftGenUITests.swift in Sources */ = {isa = PBXBuildFile; fileRef = 424F49F31D3405530089D75A /* TestSwiftGenUITests.swift */; };
		424F4A071D3407EF0089D75A /* StoryboardAutoGen.swift in Sources */ = {isa = PBXBuildFile; fileRef = 424F4A061D3407EF0089D75A /* StoryboardAutoGen.swift */; };
/* End PBXBuildFile section */

/* Begin PBXContainerItemProxy section */
		424F49E51D3405530089D75A /* PBXContainerItemProxy */ = {
			isa = PBXContainerItemProxy;
			containerPortal = 424F49C81D3405530089D75A /* Project object */;
			proxyType = 1;
			remoteGlobalIDString = 424F49CF1D3405530089D75A;
			remoteInfo = TestSwiftGen;
		};
		424F49F01D3405530089D75A /* PBXContainerItemProxy */ = {
			isa = PBXContainerItemProxy;
			containerPortal = 424F49C81D3405530089D75A /* Project object */;
			proxyType = 1;
			remoteGlobalIDString = 424F49CF1D3405530089D75A;
			remoteInfo = TestSwiftGen;
		};
/* End PBXContainerItemProxy section */

/* Begin PBXFileReference section */
		424F49D01D3405530089D75A /* TestSwiftGen.app */ = {isa = PBXFileReference; explicitFileType = wrapper.application; includeInIndex = 0; path = TestSwiftGen.app; sourceTree = BUILT_PRODUCTS_DIR; };
		424F49D31D3405530089D75A /* AppDelegate.swift */ = {isa = PBXFileReference; lastKnownFileType = sourcecode.swift; path = AppDelegate.swift; sourceTree = "<group>"; };
		424F49D51D3405530089D75A /* ViewController.swift */ = {isa = PBXFileReference; lastKnownFileType = sourcecode.swift; path = ViewController.swift; sourceTree = "<group>"; };
		424F49D81D3405530089D75A /* Base */ = {isa = PBXFileReference; lastKnownFileType = file.storyboard; name = Base; path = Base.lproj/Main.storyboard; sourceTree = "<group>"; };
		424F49DA1D3405530089D75A /* Assets.xcassets */ = {isa = PBXFileReference; lastKnownFileType = folder.assetcatalog; path = Assets.xcassets; sourceTree = "<group>"; };
		424F49DD1D3405530089D75A /* Base */ = {isa = PBXFileReference; lastKnownFileType = file.storyboard; name = Base; path = Base.lproj/LaunchScreen.storyboard; sourceTree = "<group>"; };
		424F49DF1D3405530089D75A /* Info.plist */ = {isa = PBXFileReference; lastKnownFileType = text.plist.xml; path = Info.plist; sourceTree = "<group>"; };
		424F49E41D3405530089D75A /* TestSwiftGenTests.xctest */ = {isa = PBXFileReference; explicitFileType = wrapper.cfbundle; includeInIndex = 0; path = TestSwiftGenTests.xctest; sourceTree = BUILT_PRODUCTS_DIR; };
		424F49E81D3405530089D75A /* TestSwiftGenTests.swift */ = {isa = PBXFileReference; lastKnownFileType = sourcecode.swift; path = TestSwiftGenTests.swift; sourceTree = "<group>"; };
		424F49EA1D3405530089D75A /* Info.plist */ = {isa = PBXFileReference; lastKnownFileType = text.plist.xml; path = Info.plist; sourceTree = "<group>"; };
		424F49EF1D3405530089D75A /* TestSwiftGenUITests.xctest */ = {isa = PBXFileReference; explicitFileType = wrapper.cfbundle; includeInIndex = 0; path = TestSwiftGenUITests.xctest; sourceTree = BUILT_PRODUCTS_DIR; };
		424F49F31D3405530089D75A /* TestSwiftGenUITests.swift */ = {isa = PBXFileReference; lastKnownFileType = sourcecode.swift; path = TestSwiftGenUITests.swift; sourceTree = "<group>"; };
		424F49F51D3405530089D75A /* Info.plist */ = {isa = PBXFileReference; lastKnownFileType = text.plist.xml; path = Info.plist; sourceTree = "<group>"; };
		424F4A061D3407EF0089D75A /* StoryboardAutoGen.swift */ = {isa = PBXFileReference; fileEncoding = 4; lastKnownFileType = sourcecode.swift; path = StoryboardAutoGen.swift; sourceTree = "<group>"; };
/* End PBXFileReference section */

/* Begin PBXFrameworksBuildPhase section */
		424F49CD1D3405530089D75A /* Frameworks */ = {
			isa = PBXFrameworksBuildPhase;
			buildActionMask = 2147483647;
			files = (
			);
			runOnlyForDeploymentPostprocessing = 0;
		};
		424F49E11D3405530089D75A /* Frameworks */ = {
			isa = PBXFrameworksBuildPhase;
			buildActionMask = 2147483647;
			files = (
			);
			runOnlyForDeploymentPostprocessing = 0;
		};
		424F49EC1D3405530089D75A /* Frameworks */ = {
			isa = PBXFrameworksBuildPhase;
			buildActionMask = 2147483647;
			files = (
			);
			runOnlyForDeploymentPostprocessing = 0;
		};
/* End PBXFrameworksBuildPhase section */

/* Begin PBXGroup section */
		424F49C71D3405530089D75A = {
			isa = PBXGroup;
			children = (
				424F49D21D3405530089D75A /* TestSwiftGen */,
				424F49E71D3405530089D75A /* TestSwiftGenTests */,
				424F49F21D3405530089D75A /* TestSwiftGenUITests */,
				424F49D11D3405530089D75A /* Products */,
			);
			sourceTree = "<group>";
		};
		424F49D11D3405530089D75A /* Products */ = {
			isa = PBXGroup;
			children = (
				424F49D01D3405530089D75A /* TestSwiftGen.app */,
				424F49E41D3405530089D75A /* TestSwiftGenTests.xctest */,
				424F49EF1D3405530089D75A /* TestSwiftGenUITests.xctest */,
			);
			name = Products;
			sourceTree = "<group>";
		};
		424F49D21D3405530089D75A /* TestSwiftGen */ = {
			isa = PBXGroup;
			children = (
				424F4A051D3407EF0089D75A /* Constants */,
				424F49D31D3405530089D75A /* AppDelegate.swift */,
				424F49D51D3405530089D75A /* ViewController.swift */,
				424F49D71D3405530089D75A /* Main.storyboard */,
				424F49DA1D3405530089D75A /* Assets.xcassets */,
				424F49DC1D3405530089D75A /* LaunchScreen.storyboard */,
				424F49DF1D3405530089D75A /* Info.plist */,
			);
			path = TestSwiftGen;
			sourceTree = "<group>";
		};
		424F49E71D3405530089D75A /* TestSwiftGenTests */ = {
			isa = PBXGroup;
			children = (
				424F49E81D3405530089D75A /* TestSwiftGenTests.swift */,
				424F49EA1D3405530089D75A /* Info.plist */,
			);
			path = TestSwiftGenTests;
			sourceTree = "<group>";
		};
		424F49F21D3405530089D75A /* TestSwiftGenUITests */ = {
			isa = PBXGroup;
			children = (
				424F49F31D3405530089D75A /* TestSwiftGenUITests.swift */,
				424F49F51D3405530089D75A /* Info.plist */,
			);
			path = TestSwiftGenUITests;
			sourceTree = "<group>";
		};
		424F4A051D3407EF0089D75A /* Constants */ = {
			isa = PBXGroup;
			children = (
				424F4A061D3407EF0089D75A /* StoryboardAutoGen.swift */,
			);
			path = Constants;
			sourceTree = "<group>";
		};
/* End PBXGroup section */

/* Begin PBXNativeTarget section */
		424F49CF1D3405530089D75A /* TestSwiftGen */ = {
			isa = PBXNativeTarget;
			buildConfigurationList = 424F49F81D3405530089D75A /* Build configuration list for PBXNativeTarget "TestSwiftGen" */;
			buildPhases = (
				424F4A011D34055A0089D75A /* SwiftGen */,
				424F49CC1D3405530089D75A /* Sources */,
				424F49CD1D3405530089D75A /* Frameworks */,
				424F49CE1D3405530089D75A /* Resources */,
			);
			buildRules = (
			);
			dependencies = (
			);
			name = TestSwiftGen;
			productName = TestSwiftGen;
			productReference = 424F49D01D3405530089D75A /* TestSwiftGen.app */;
			productType = "com.apple.product-type.application";
		};
		424F49E31D3405530089D75A /* TestSwiftGenTests */ = {
			isa = PBXNativeTarget;
			buildConfigurationList = 424F49FB1D3405530089D75A /* Build configuration list for PBXNativeTarget "TestSwiftGenTests" */;
			buildPhases = (
				424F49E01D3405530089D75A /* Sources */,
				424F49E11D3405530089D75A /* Frameworks */,
				424F49E21D3405530089D75A /* Resources */,
			);
			buildRules = (
			);
			dependencies = (
				424F49E61D3405530089D75A /* PBXTargetDependency */,
			);
			name = TestSwiftGenTests;
			productName = TestSwiftGenTests;
			productReference = 424F49E41D3405530089D75A /* TestSwiftGenTests.xctest */;
			productType = "com.apple.product-type.bundle.unit-test";
		};
		424F49EE1D3405530089D75A /* TestSwiftGenUITests */ = {
			isa = PBXNativeTarget;
			buildConfigurationList = 424F49FE1D3405530089D75A /* Build configuration list for PBXNativeTarget "TestSwiftGenUITests" */;
			buildPhases = (
				424F49EB1D3405530089D75A /* Sources */,
				424F49EC1D3405530089D75A /* Frameworks */,
				424F49ED1D3405530089D75A /* Resources */,
			);
			buildRules = (
			);
			dependencies = (
				424F49F11D3405530089D75A /* PBXTargetDependency */,
			);
			name = TestSwiftGenUITests;
			productName = TestSwiftGenUITests;
			productReference = 424F49EF1D3405530089D75A /* TestSwiftGenUITests.xctest */;
			productType = "com.apple.product-type.bundle.ui-testing";
		};
/* End PBXNativeTarget section */

/* Begin PBXProject section */
		424F49C81D3405530089D75A /* Project object */ = {
			isa = PBXProject;
			attributes = {
				LastSwiftUpdateCheck = 0730;
				LastUpgradeCheck = 0730;
				ORGANIZATIONNAME = "Suraphan Laokondee";
				TargetAttributes = {
					424F49CF1D3405530089D75A = {
						CreatedOnToolsVersion = 7.3.1;
					};
					424F49E31D3405530089D75A = {
						CreatedOnToolsVersion = 7.3.1;
						TestTargetID = 424F49CF1D3405530089D75A;
					};
					424F49EE1D3405530089D75A = {
						CreatedOnToolsVersion = 7.3.1;
						TestTargetID = 424F49CF1D3405530089D75A;
					};
				};
			};
			buildConfigurationList = 424F49CB1D3405530089D75A /* Build configuration list for PBXProject "TestSwiftGen" */;
			compatibilityVersion = "Xcode 3.2";
			developmentRegion = English;
			hasScannedForEncodings = 0;
			knownRegions = (
				en,
				Base,
			);
			mainGroup = 424F49C71D3405530089D75A;
			productRefGroup = 424F49D11D3405530089D75A /* Products */;
			projectDirPath = "";
			projectRoot = "";
			targets = (
				424F49CF1D3405530089D75A /* TestSwiftGen */,
				424F49E31D3405530089D75A /* TestSwiftGenTests */,
				424F49EE1D3405530089D75A /* TestSwiftGenUITests */,
			);
		};
/* End PBXProject section */

/* Begin PBXResourcesBuildPhase section */
		424F49CE1D3405530089D75A /* Resources */ = {
			isa = PBXResourcesBuildPhase;
			buildActionMask = 2147483647;
			files = (
				424F49DE1D3405530089D75A /* LaunchScreen.storyboard in Resources */,
				424F49DB1D3405530089D75A /* Assets.xcassets in Resources */,
				424F49D91D3405530089D75A /* Main.storyboard in Resources */,
			);
			runOnlyForDeploymentPostprocessing = 0;
		};
		424F49E21D3405530089D75A /* Resources */ = {
			isa = PBXResourcesBuildPhase;
			buildActionMask = 2147483647;
			files = (
			);
			runOnlyForDeploymentPostprocessing = 0;
		};
		424F49ED1D3405530089D75A /* Resources */ = {
			isa = PBXResourcesBuildPhase;
			buildActionMask = 2147483647;
			files = (
			);
			runOnlyForDeploymentPostprocessing = 0;
		};
/* End PBXResourcesBuildPhase section */

/* Begin PBXShellScriptBuildPhase section */
		424F4A011D34055A0089D75A /* SwiftGen */ = {
			isa = PBXShellScriptBuildPhase;
			buildActionMask = 2147483647;
			files = (
			);
			inputPaths = (
			);
			name = SwiftGen;
			outputPaths = (
			);
			runOnlyForDeploymentPostprocessing = 0;
			shellPath = /bin/sh;
			shellScript = "swiftgen storyboards ${SRCROOT}/${PRODUCT_NAME}/Base.lproj/Main.storyboard > ${SRCROOT}/${PRODUCT_NAME}/Constants/StoryboardAutoGen.swift\nif [[ $? != 0 ]] ; then\ncat << EOM\nerror: Failed to run the swiftgen command. If you do not have swiftgen installed, you can install it via homebrew:\n\n$ brew update\n$ brew install swiftgen\n\nFor more information, visit 'https://github.com/AliSoftware/SwiftGen'.\nEOM\nexit 1\nfi";
		};
/* End PBXShellScriptBuildPhase section */

/* Begin PBXSourcesBuildPhase section */
		424F49CC1D3405530089D75A /* Sources */ = {
			isa = PBXSourcesBuildPhase;
			buildActionMask = 2147483647;
			files = (
				424F49D61D3405530089D75A /* ViewController.swift in Sources */,
				424F49D41D3405530089D75A /* AppDelegate.swift in Sources */,
				424F4A071D3407EF0089D75A /* StoryboardAutoGen.swift in Sources */,
			);
			runOnlyForDeploymentPostprocessing = 0;
		};
		424F49E01D3405530089D75A /* Sources */ = {
			isa = PBXSourcesBuildPhase;
			buildActionMask = 2147483647;
			files = (
				424F49E91D3405530089D75A /* TestSwiftGenTests.swift in Sources */,
			);
			runOnlyForDeploymentPostprocessing = 0;
		};
		424F49EB1D3405530089D75A /* Sources */ = {
			isa = PBXSourcesBuildPhase;
			buildActionMask = 2147483647;
			files = (
				424F49F41D3405530089D75A /* TestSwiftGenUITests.swift in Sources */,
			);
			runOnlyForDeploymentPostprocessing = 0;
		};
/* End PBXSourcesBuildPhase section */

/* Begin PBXTargetDependency section */
		424F49E61D3405530089D75A /* PBXTargetDependency */ = {
			isa = PBXTargetDependency;
			target = 424F49CF1D3405530089D75A /* TestSwiftGen */;
			targetProxy = 424F49E51D3405530089D75A /* PBXContainerItemProxy */;
		};
		424F49F11D3405530089D75A /* PBXTargetDependency */ = {
			isa = PBXTargetDependency;
			target = 424F49CF1D3405530089D75A /* TestSwiftGen */;
			targetProxy = 424F49F01D3405530089D75A /* PBXContainerItemProxy */;
		};
/* End PBXTargetDependency section */

/* Begin PBXVariantGroup section */
		424F49D71D3405530089D75A /* Main.storyboard */ = {
			isa = PBXVariantGroup;
			children = (
				424F49D81D3405530089D75A /* Base */,
			);
			name = Main.storyboard;
			sourceTree = "<group>";
		};
		424F49DC1D3405530089D75A /* LaunchScreen.storyboard */ = {
			isa = PBXVariantGroup;
			children = (
				424F49DD1D3405530089D75A /* Base */,
			);
			name = LaunchScreen.storyboard;
			sourceTree = "<group>";
		};
/* End PBXVariantGroup section */

/* Begin XCBuildConfiguration section */
		424F49F61D3405530089D75A /* Debug */ = {
			isa = XCBuildConfiguration;
			buildSettings = {
				ALWAYS_SEARCH_USER_PATHS = NO;
				CLANG_ANALYZER_NONNULL = YES;
				CLANG_CXX_LANGUAGE_STANDARD = "gnu++0x";
				CLANG_CXX_LIBRARY = "libc++";
				CLANG_ENABLE_MODULES = YES;
				CLANG_ENABLE_OBJC_ARC = YES;
				CLANG_WARN_BOOL_CONVERSION = YES;
				CLANG_WARN_CONSTANT_CONVERSION = YES;
				CLANG_WARN_DIRECT_OBJC_ISA_USAGE = YES_ERROR;
				CLANG_WARN_EMPTY_BODY = YES;
				CLANG_WARN_ENUM_CONVERSION = YES;
				CLANG_WARN_INT_CONVERSION = YES;
				CLANG_WARN_OBJC_ROOT_CLASS = YES_ERROR;
				CLANG_WARN_UNREACHABLE_CODE = YES;
				CLANG_WARN__DUPLICATE_METHOD_MATCH = YES;
				"CODE_SIGN_IDENTITY[sdk=iphoneos*]" = "iPhone Developer";
				COPY_PHASE_STRIP = NO;
				DEBUG_INFORMATION_FORMAT = dwarf;
				ENABLE_STRICT_OBJC_MSGSEND = YES;
				ENABLE_TESTABILITY = YES;
				GCC_C_LANGUAGE_STANDARD = gnu99;
				GCC_DYNAMIC_NO_PIC = NO;
				GCC_NO_COMMON_BLOCKS = YES;
				GCC_OPTIMIZATION_LEVEL = 0;
				GCC_PREPROCESSOR_DEFINITIONS = (
					"DEBUG=1",
					"$(inherited)",
				);
				GCC_WARN_64_TO_32_BIT_CONVERSION = YES;
				GCC_WARN_ABOUT_RETURN_TYPE = YES_ERROR;
				GCC_WARN_UNDECLARED_SELECTOR = YES;
				GCC_WARN_UNINITIALIZED_AUTOS = YES_AGGRESSIVE;
				GCC_WARN_UNUSED_FUNCTION = YES;
				GCC_WARN_UNUSED_VARIABLE = YES;
				IPHONEOS_DEPLOYMENT_TARGET = 9.3;
				MTL_ENABLE_DEBUG_INFO = YES;
				ONLY_ACTIVE_ARCH = YES;
				SDKROOT = iphoneos;
				SWIFT_OPTIMIZATION_LEVEL = "-Onone";
				TARGETED_DEVICE_FAMILY = "1,2";
			};
			name = Debug;
		};
		424F49F71D3405530089D75A /* Release */ = {
			isa = XCBuildConfiguration;
			buildSettings = {
				ALWAYS_SEARCH_USER_PATHS = NO;
				CLANG_ANALYZER_NONNULL = YES;
				CLANG_CXX_LANGUAGE_STANDARD = "gnu++0x";
				CLANG_CXX_LIBRARY = "libc++";
				CLANG_ENABLE_MODULES = YES;
				CLANG_ENABLE_OBJC_ARC = YES;
				CLANG_WARN_BOOL_CONVERSION = YES;
				CLANG_WARN_CONSTANT_CONVERSION = YES;
				CLANG_WARN_DIRECT_OBJC_ISA_USAGE = YES_ERROR;
				CLANG_WARN_EMPTY_BODY = YES;
				CLANG_WARN_ENUM_CONVERSION = YES;
				CLANG_WARN_INT_CONVERSION = YES;
				CLANG_WARN_OBJC_ROOT_CLASS = YES_ERROR;
				CLANG_WARN_UNREACHABLE_CODE = YES;
				CLANG_WARN__DUPLICATE_METHOD_MATCH = YES;
				"CODE_SIGN_IDENTITY[sdk=iphoneos*]" = "iPhone Developer";
				COPY_PHASE_STRIP = NO;
				DEBUG_INFORMATION_FORMAT = "dwarf-with-dsym";
				ENABLE_NS_ASSERTIONS = NO;
				ENABLE_STRICT_OBJC_MSGSEND = YES;
				GCC_C_LANGUAGE_STANDARD = gnu99;
				GCC_NO_COMMON_BLOCKS = YES;
				GCC_WARN_64_TO_32_BIT_CONVERSION = YES;
				GCC_WARN_ABOUT_RETURN_TYPE = YES_ERROR;
				GCC_WARN_UNDECLARED_SELECTOR = YES;
				GCC_WARN_UNINITIALIZED_AUTOS = YES_AGGRESSIVE;
				GCC_WARN_UNUSED_FUNCTION = YES;
				GCC_WARN_UNUSED_VARIABLE = YES;
				IPHONEOS_DEPLOYMENT_TARGET = 9.3;
				MTL_ENABLE_DEBUG_INFO = NO;
				SDKROOT = iphoneos;
				TARGETED_DEVICE_FAMILY = "1,2";
				VALIDATE_PRODUCT = YES;
			};
			name = Release;
		};
		424F49F91D3405530089D75A /* Debug */ = {
			isa = XCBuildConfiguration;
			buildSettings = {
				ASSETCATALOG_COMPILER_APPICON_NAME = AppIcon;
				INFOPLIST_FILE = TestSwiftGen/Info.plist;
				LD_RUNPATH_SEARCH_PATHS = "$(inherited) @executable_path/Frameworks";
				PRODUCT_BUNDLE_IDENTIFIER = com.suraphan.TestSwiftGen;
				PRODUCT_NAME = "$(TARGET_NAME)";
			};
			name = Debug;
		};
		424F49FA1D3405530089D75A /* Release */ = {
			isa = XCBuildConfiguration;
			buildSettings = {
				ASSETCATALOG_COMPILER_APPICON_NAME = AppIcon;
				INFOPLIST_FILE = TestSwiftGen/Info.plist;
				LD_RUNPATH_SEARCH_PATHS = "$(inherited) @executable_path/Frameworks";
				PRODUCT_BUNDLE_IDENTIFIER = com.suraphan.TestSwiftGen;
				PRODUCT_NAME = "$(TARGET_NAME)";
			};
			name = Release;
		};
		424F49FC1D3405530089D75A /* Debug */ = {
			isa = XCBuildConfiguration;
			buildSettings = {
				BUNDLE_LOADER = "$(TEST_HOST)";
				INFOPLIST_FILE = TestSwiftGenTests/Info.plist;
				LD_RUNPATH_SEARCH_PATHS = "$(inherited) @executable_path/Frameworks @loader_path/Frameworks";
				PRODUCT_BUNDLE_IDENTIFIER = com.suraphan.TestSwiftGenTests;
				PRODUCT_NAME = "$(TARGET_NAME)";
				TEST_HOST = "$(BUILT_PRODUCTS_DIR)/TestSwiftGen.app/TestSwiftGen";
			};
			name = Debug;
		};
		424F49FD1D3405530089D75A /* Release */ = {
			isa = XCBuildConfiguration;
			buildSettings = {
				BUNDLE_LOADER = "$(TEST_HOST)";
				INFOPLIST_FILE = TestSwiftGenTests/Info.plist;
				LD_RUNPATH_SEARCH_PATHS = "$(inherited) @executable_path/Frameworks @loader_path/Frameworks";
				PRODUCT_BUNDLE_IDENTIFIER = com.suraphan.TestSwiftGenTests;
				PRODUCT_NAME = "$(TARGET_NAME)";
				TEST_HOST = "$(BUILT_PRODUCTS_DIR)/TestSwiftGen.app/TestSwiftGen";
			};
			name = Release;
		};
		424F49FF1D3405530089D75A /* Debug */ = {
			isa = XCBuildConfiguration;
			buildSettings = {
				INFOPLIST_FILE = TestSwiftGenUITests/Info.plist;
				LD_RUNPATH_SEARCH_PATHS = "$(inherited) @executable_path/Frameworks @loader_path/Frameworks";
				PRODUCT_BUNDLE_IDENTIFIER = com.suraphan.TestSwiftGenUITests;
				PRODUCT_NAME = "$(TARGET_NAME)";
				TEST_TARGET_NAME = TestSwiftGen;
			};
			name = Debug;
		};
		424F4A001D3405530089D75A /* Release */ = {
			isa = XCBuildConfiguration;
			buildSettings = {
				INFOPLIST_FILE = TestSwiftGenUITests/Info.plist;
				LD_RUNPATH_SEARCH_PATHS = "$(inherited) @executable_path/Frameworks @loader_path/Frameworks";
				PRODUCT_BUNDLE_IDENTIFIER = com.suraphan.TestSwiftGenUITests;
				PRODUCT_NAME = "$(TARGET_NAME)";
				TEST_TARGET_NAME = TestSwiftGen;
			};
			name = Release;
		};
/* End XCBuildConfiguration section */

/* Begin XCConfigurationList section */
		424F49CB1D3405530089D75A /* Build configuration list for PBXProject "TestSwiftGen" */ = {
			isa = XCConfigurationList;
			buildConfigurations = (
				424F49F61D3405530089D75A /* Debug */,
				424F49F71D3405530089D75A /* Release */,
			);
			defaultConfigurationIsVisible = 0;
			defaultConfigurationName = Release;
		};
		424F49F81D3405530089D75A /* Build configuration list for PBXNativeTarget "TestSwiftGen" */ = {
			isa = XCConfigurationList;
			buildConfigurations = (
				424F49F91D3405530089D75A /* Debug */,
				424F49FA1D3405530089D75A /* Release */,
			);
			defaultConfigurationIsVisible = 0;
		};
		424F49FB1D3405530089D75A /* Build configuration list for PBXNativeTarget "TestSwiftGenTests" */ = {
			isa = XCConfigurationList;
			buildConfigurations = (
				424F49FC1D3405530089D75A /* Debug */,
				424F49FD1D3405530089D75A /* Release */,
			);
			defaultConfigurationIsVisible = 0;
		};
		424F49FE1D3405530089D75A /* Build configuration list for PBXNativeTarget "TestSwiftGenUITests" */ = {
			isa = XCConfigurationList;
			buildConfigurations = (
				424F49FF1D3405530089D75A /* Debug */,
				424F4A001D3405530089D75A /* Release */,
			);
			defaultConfigurationIsVisible = 0;
		};
/* End XCConfigurationList section */
	};
	rootObject = 424F49C81D3405530089D75A /* Project object */;
}
